
Microsoft Visual Studio Solution File, Format Version 12.00
# Visual Studio 15
VisualStudioVersion = 15.0.27130.2036
MinimumVisualStudioVersion = 10.0.40219.1
Project("{FAE04EC0-301F-11D3-BF4B-00C04F79EFBC}") = "NomiSync", "NomiSync\NomiSync.csproj", "{6727A4F3-B98E-41F6-A9F3-88DB617FCCD1}"
EndProject
Global
	GlobalSection(SolutionConfigurationPlatforms) = preSolution
		Debug|Any CPU = Debug|Any CPU
		Release|Any CPU = Release|Any CPU
	EndGlobalSection
	GlobalSection(ProjectConfigurationPlatforms) = postSolution
		{6727A4F3-B98E-41F6-A9F3-88DB617FCCD1}.Debug|Any CPU.ActiveCfg = Debug|Any CPU
		{6727A4F3-B98E-41F6-A9F3-88DB617FCCD1}.Debug|Any CPU.Build.0 = Debug|Any CPU
		{6727A4F3-B98E-41F6-A9F3-88DB617FCCD1}.Release|Any CPU.ActiveCfg = Release|Any CPU
		{6727A4F3-B98E-41F6-A9F3-88DB617FCCD1}.Release|Any CPU.Build.0 = Release|Any CPU
	EndGlobalSection
	GlobalSection(SolutionProperties) = preSolution
		HideSolutionNode = FALSE
	EndGlobalSection
	GlobalSection(ExtensibilityGlobals) = postSolution
		SolutionGuid = {B7D9C384-9352-485C-90B4-0C0BBB61367A}
	EndGlobalSection
EndGlobal
